
Microsoft Visual Studio Solution File, Format Version 12.00
# Visual Studio Version 17
VisualStudioVersion = 17.6.33723.286
MinimumVisualStudioVersion = 10.0.40219.1
Project("{FAE04EC0-301F-11D3-BF4B-00C04F79EFBC}") = "Lesson3", "Lesson3.csproj", "{6034C5ED-5DDC-4F57-BB55-96EDE01F1D68}"
EndProject
Global
	GlobalSection(SolutionConfigurationPlatforms) = preSolution
		Debug|Any CPU = Debug|Any CPU
		Release|Any CPU = Release|Any CPU
	EndGlobalSection
	GlobalSection(ProjectConfigurationPlatforms) = postSolution
		{6034C5ED-5DDC-4F57-BB55-96EDE01F1D68}.Debug|Any CPU.ActiveCfg = Debug|Any CPU
		{6034C5ED-5DDC-4F57-BB55-96EDE01F1D68}.Debug|Any CPU.Build.0 = Debug|Any CPU
		{6034C5ED-5DDC-4F57-BB55-96EDE01F1D68}.Release|Any CPU.ActiveCfg = Release|Any CPU
		{6034C5ED-5DDC-4F57-BB55-96EDE01F1D68}.Release|Any CPU.Build.0 = Release|Any CPU
	EndGlobalSection
	GlobalSection(SolutionProperties) = preSolution
		HideSolutionNode = FALSE
	EndGlobalSection
	GlobalSection(ExtensibilityGlobals) = postSolution
		SolutionGuid = {7A03B930-E642-4872-93CD-DC9E0C9D6E36}
	EndGlobalSection
EndGlobal
